// !$*UTF8*$!
{
	archiveVersion = 1;
	classes = {
	};
	objectVersion = 46;
	objects = {

/* Begin PBXBuildFile section */
		352F9D2A1EE9A3C500EB84CB /* CPView.m in Sources */ = {isa = PBXBuildFile; fileRef = 352F9D291EE9A3C500EB84CB /* CPView.m */; };
		35398C4B1EF17BBA00BBAA56 /* kitten2.jpg in Resources */ = {isa = PBXBuildFile; fileRef = 35398C4A1EF17BBA00BBAA56 /* kitten2.jpg */; };
		35398C4F1EF1839100BBAA56 /* CPView2_2Controller.m in Sources */ = {isa = PBXBuildFile; fileRef = 35398C4E1EF1839100BBAA56 /* CPView2_2Controller.m */; };
		35398C521EF1928500BBAA56 /* View2Controller.m in Sources */ = {isa = PBXBuildFile; fileRef = 35398C511EF1928500BBAA56 /* View2Controller.m */; };
		354010DE1ED27CAE009FA2CA /* podfile in Resources */ = {isa = PBXBuildFile; fileRef = 354010DD1ED27CAE009FA2CA /* podfile */; };
		354D79941EE43098003954C3 /* CPView3Controller.m in Sources */ = {isa = PBXBuildFile; fileRef = 354D79931EE43098003954C3 /* CPView3Controller.m */; };
		354D79971EE43469003954C3 /* CPThread.m in Sources */ = {isa = PBXBuildFile; fileRef = 354D79961EE43469003954C3 /* CPThread.m */; };
		354F2C001EE71ABF006933C6 /* CPInputThread.m in Sources */ = {isa = PBXBuildFile; fileRef = 354F2BFF1EE71ABF006933C6 /* CPInputThread.m */; };
		354F2C031EE721BE006933C6 /* CPPortThread.m in Sources */ = {isa = PBXBuildFile; fileRef = 354F2C021EE721BE006933C6 /* CPPortThread.m */; };
		35FF1C4D1EE06200004E3215 /* ReadMe.txt in Resources */ = {isa = PBXBuildFile; fileRef = 35FF1C4C1EE06200004E3215 /* ReadMe.txt */; };
		76131FE21ECA973500CBA227 /* main.m in Sources */ = {isa = PBXBuildFile; fileRef = 76131FE11ECA973500CBA227 /* main.m */; };
		76131FE51ECA973500CBA227 /* AppDelegate.m in Sources */ = {isa = PBXBuildFile; fileRef = 76131FE41ECA973500CBA227 /* AppDelegate.m */; };
		76131FE81ECA973500CBA227 /* ViewController.m in Sources */ = {isa = PBXBuildFile; fileRef = 76131FE71ECA973500CBA227 /* ViewController.m */; };
		76131FEB1ECA973500CBA227 /* Main.storyboard in Resources */ = {isa = PBXBuildFile; fileRef = 76131FE91ECA973500CBA227 /* Main.storyboard */; };
		76131FEE1ECA973500CBA227 /* CurriculumProject.xcdatamodeld in Sources */ = {isa = PBXBuildFile; fileRef = 76131FEC1ECA973500CBA227 /* CurriculumProject.xcdatamodeld */; };
		76131FF01ECA973500CBA227 /* Assets.xcassets in Resources */ = {isa = PBXBuildFile; fileRef = 76131FEF1ECA973500CBA227 /* Assets.xcassets */; };
		76131FF31ECA973500CBA227 /* LaunchScreen.storyboard in Resources */ = {isa = PBXBuildFile; fileRef = 76131FF11ECA973500CBA227 /* LaunchScreen.storyboard */; };
		76131FFC1ECA9FEB00CBA227 /* SubViewController.m in Sources */ = {isa = PBXBuildFile; fileRef = 76131FFB1ECA9FEB00CBA227 /* SubViewController.m */; };
		7614BCB11EDFDD33009189B6 /* kitten.jpg in Resources */ = {isa = PBXBuildFile; fileRef = 7614BCB01EDFDD33009189B6 /* kitten.jpg */; };
		765A7D771ECAF603008D5C43 /* Human+Mouth.m in Sources */ = {isa = PBXBuildFile; fileRef = 765A7D761ECAF603008D5C43 /* Human+Mouth.m */; };
		7666F7391ED7F59A00201030 /* ForwardingObject.m in Sources */ = {isa = PBXBuildFile; fileRef = 7666F7381ED7F59A00201030 /* ForwardingObject.m */; };
		767427911EEE919C00B48DAD /* CPView4ViewController.m in Sources */ = {isa = PBXBuildFile; fileRef = 7674278F1EEE919C00B48DAD /* CPView4ViewController.m */; };
		767427931EEE926E00B48DAD /* CPView4ViewController.xib in Resources */ = {isa = PBXBuildFile; fileRef = 767427951EEE926E00B48DAD /* CPView4ViewController.xib */; };
		767FA4361EDD1482006CF15D /* CPView2Controller.m in Sources */ = {isa = PBXBuildFile; fileRef = 767FA4351EDD1482006CF15D /* CPView2Controller.m */; };
		76BBE4D61ED6889300E67C05 /* Foundation.framework in Frameworks */ = {isa = PBXBuildFile; fileRef = 76BBE4D51ED6889300E67C05 /* Foundation.framework */; };
		76C748761EDBBB6D00C84062 /* CustomOperation.m in Sources */ = {isa = PBXBuildFile; fileRef = 76C748751EDBBB6D00C84062 /* CustomOperation.m */; };
		76DDC8B81EEF8FE0006962C5 /* Localizable.strings in Resources */ = {isa = PBXBuildFile; fileRef = 76DDC8BA1EEF8FE0006962C5 /* Localizable.strings */; };
		76DDC8E11EEFEE7C006962C5 /* SnapShotViewController.m in Sources */ = {isa = PBXBuildFile; fileRef = 76DDC8DF1EEFEE7C006962C5 /* SnapShotViewController.m */; };
		76DDC8E21EEFEE7C006962C5 /* SnapShotViewController.xib in Resources */ = {isa = PBXBuildFile; fileRef = 76DDC8E01EEFEE7C006962C5 /* SnapShotViewController.xib */; };
		76E4CF7C1EE7F42F009921EA /* CPThread2.m in Sources */ = {isa = PBXBuildFile; fileRef = 76E4CF7B1EE7F42F009921EA /* CPThread2.m */; };
		C75271F429E69FD5C27E660C /* libPods-CurriculumProject.a in Frameworks */ = {isa = PBXBuildFile; fileRef = 425CE85A8EF68C6D7CAC45EC /* libPods-CurriculumProject.a */; };
/* End PBXBuildFile section */

/* Begin PBXFileReference section */
		0394FCBE7C74BA574A9EACDF /* Pods-CurriculumProject.release.xcconfig */ = {isa = PBXFileReference; includeInIndex = 1; lastKnownFileType = text.xcconfig; name = "Pods-CurriculumProject.release.xcconfig"; path = "Pods/Target Support Files/Pods-CurriculumProject/Pods-CurriculumProject.release.xcconfig"; sourceTree = "<group>"; };
		352F9D281EE9A3C500EB84CB /* CPView.h */ = {isa = PBXFileReference; fileEncoding = 4; lastKnownFileType = sourcecode.c.h; path = CPView.h; sourceTree = "<group>"; };
		352F9D291EE9A3C500EB84CB /* CPView.m */ = {isa = PBXFileReference; fileEncoding = 4; lastKnownFileType = sourcecode.c.objc; path = CPView.m; sourceTree = "<group>"; };
		35398C4A1EF17BBA00BBAA56 /* kitten2.jpg */ = {isa = PBXFileReference; lastKnownFileType = image.jpeg; path = kitten2.jpg; sourceTree = "<group>"; };
		35398C4C1EF17E9500BBAA56 /* PrefixHeader.pch */ = {isa = PBXFileReference; lastKnownFileType = sourcecode.c.h; path = PrefixHeader.pch; sourceTree = "<group>"; };
		35398C4D1EF1839100BBAA56 /* CPView2_2Controller.h */ = {isa = PBXFileReference; fileEncoding = 4; lastKnownFileType = sourcecode.c.h; path = CPView2_2Controller.h; sourceTree = "<group>"; };
		35398C4E1EF1839100BBAA56 /* CPView2_2Controller.m */ = {isa = PBXFileReference; fileEncoding = 4; lastKnownFileType = sourcecode.c.objc; path = CPView2_2Controller.m; sourceTree = "<group>"; };
		35398C501EF1928500BBAA56 /* View2Controller.h */ = {isa = PBXFileReference; fileEncoding = 4; lastKnownFileType = sourcecode.c.h; path = View2Controller.h; sourceTree = "<group>"; };
		35398C511EF1928500BBAA56 /* View2Controller.m */ = {isa = PBXFileReference; fileEncoding = 4; lastKnownFileType = sourcecode.c.objc; path = View2Controller.m; sourceTree = "<group>"; };
		354010DD1ED27CAE009FA2CA /* podfile */ = {isa = PBXFileReference; fileEncoding = 4; lastKnownFileType = text; path = podfile; sourceTree = "<group>"; xcLanguageSpecificationIdentifier = xcode.lang.ruby; };
		354D79921EE43098003954C3 /* CPView3Controller.h */ = {isa = PBXFileReference; fileEncoding = 4; lastKnownFileType = sourcecode.c.h; path = CPView3Controller.h; sourceTree = "<group>"; };
		354D79931EE43098003954C3 /* CPView3Controller.m */ = {isa = PBXFileReference; fileEncoding = 4; lastKnownFileType = sourcecode.c.objc; path = CPView3Controller.m; sourceTree = "<group>"; };
		354D79951EE43469003954C3 /* CPThread.h */ = {isa = PBXFileReference; fileEncoding = 4; lastKnownFileType = sourcecode.c.h; path = CPThread.h; sourceTree = "<group>"; };
		354D79961EE43469003954C3 /* CPThread.m */ = {isa = PBXFileReference; fileEncoding = 4; lastKnownFileType = sourcecode.c.objc; path = CPThread.m; sourceTree = "<group>"; };
		354F2BFE1EE71ABF006933C6 /* CPInputThread.h */ = {isa = PBXFileReference; fileEncoding = 4; lastKnownFileType = sourcecode.c.h; path = CPInputThread.h; sourceTree = "<group>"; };
		354F2BFF1EE71ABF006933C6 /* CPInputThread.m */ = {isa = PBXFileReference; fileEncoding = 4; lastKnownFileType = sourcecode.c.objc; path = CPInputThread.m; sourceTree = "<group>"; };
		354F2C011EE721BE006933C6 /* CPPortThread.h */ = {isa = PBXFileReference; fileEncoding = 4; lastKnownFileType = sourcecode.c.h; path = CPPortThread.h; sourceTree = "<group>"; };
		354F2C021EE721BE006933C6 /* CPPortThread.m */ = {isa = PBXFileReference; fileEncoding = 4; lastKnownFileType = sourcecode.c.objc; path = CPPortThread.m; sourceTree = "<group>"; };
		35FF1C4C1EE06200004E3215 /* ReadMe.txt */ = {isa = PBXFileReference; fileEncoding = 4; lastKnownFileType = text; path = ReadMe.txt; sourceTree = "<group>"; };
		425CE85A8EF68C6D7CAC45EC /* libPods-CurriculumProject.a */ = {isa = PBXFileReference; explicitFileType = archive.ar; includeInIndex = 0; path = "libPods-CurriculumProject.a"; sourceTree = BUILT_PRODUCTS_DIR; };
		477B8A371FAB765CCC56B3C6 /* Pods-CurriculumProject.debug.xcconfig */ = {isa = PBXFileReference; includeInIndex = 1; lastKnownFileType = text.xcconfig; name = "Pods-CurriculumProject.debug.xcconfig"; path = "Pods/Target Support Files/Pods-CurriculumProject/Pods-CurriculumProject.debug.xcconfig"; sourceTree = "<group>"; };
		76131FDD1ECA973500CBA227 /* CurriculumProject.app */ = {isa = PBXFileReference; explicitFileType = wrapper.application; includeInIndex = 0; path = CurriculumProject.app; sourceTree = BUILT_PRODUCTS_DIR; };
		76131FE11ECA973500CBA227 /* main.m */ = {isa = PBXFileReference; lastKnownFileType = sourcecode.c.objc; path = main.m; sourceTree = "<group>"; };
		76131FE31ECA973500CBA227 /* AppDelegate.h */ = {isa = PBXFileReference; lastKnownFileType = sourcecode.c.h; path = AppDelegate.h; sourceTree = "<group>"; };
		76131FE41ECA973500CBA227 /* AppDelegate.m */ = {isa = PBXFileReference; lastKnownFileType = sourcecode.c.objc; path = AppDelegate.m; sourceTree = "<group>"; };
		76131FE61ECA973500CBA227 /* ViewController.h */ = {isa = PBXFileReference; lastKnownFileType = sourcecode.c.h; path = ViewController.h; sourceTree = "<group>"; };
		76131FE71ECA973500CBA227 /* ViewController.m */ = {isa = PBXFileReference; lastKnownFileType = sourcecode.c.objc; path = ViewController.m; sourceTree = "<group>"; };
		76131FEA1ECA973500CBA227 /* Base */ = {isa = PBXFileReference; lastKnownFileType = file.storyboard; name = Base; path = Base.lproj/Main.storyboard; sourceTree = "<group>"; };
		76131FED1ECA973500CBA227 /* CurriculumProject.xcdatamodel */ = {isa = PBXFileReference; lastKnownFileType = wrapper.xcdatamodel; path = CurriculumProject.xcdatamodel; sourceTree = "<group>"; };
		76131FEF1ECA973500CBA227 /* Assets.xcassets */ = {isa = PBXFileReference; lastKnownFileType = folder.assetcatalog; path = Assets.xcassets; sourceTree = "<group>"; };
		76131FF21ECA973500CBA227 /* Base */ = {isa = PBXFileReference; lastKnownFileType = file.storyboard; name = Base; path = Base.lproj/LaunchScreen.storyboard; sourceTree = "<group>"; };
		76131FF41ECA973500CBA227 /* Info.plist */ = {isa = PBXFileReference; lastKnownFileType = text.plist.xml; path = Info.plist; sourceTree = "<group>"; };
		76131FFA1ECA9FEB00CBA227 /* SubViewController.h */ = {isa = PBXFileReference; fileEncoding = 4; lastKnownFileType = sourcecode.c.h; path = SubViewController.h; sourceTree = "<group>"; };
		76131FFB1ECA9FEB00CBA227 /* SubViewController.m */ = {isa = PBXFileReference; fileEncoding = 4; lastKnownFileType = sourcecode.c.objc; path = SubViewController.m; sourceTree = "<group>"; };
		7614BCB01EDFDD33009189B6 /* kitten.jpg */ = {isa = PBXFileReference; lastKnownFileType = image.jpeg; path = kitten.jpg; sourceTree = "<group>"; };
		765A7D751ECAF603008D5C43 /* Human+Mouth.h */ = {isa = PBXFileReference; fileEncoding = 4; lastKnownFileType = sourcecode.c.h; path = "Human+Mouth.h"; sourceTree = "<group>"; };
		765A7D761ECAF603008D5C43 /* Human+Mouth.m */ = {isa = PBXFileReference; fileEncoding = 4; lastKnownFileType = sourcecode.c.objc; path = "Human+Mouth.m"; sourceTree = "<group>"; };
		7666F7371ED7F59A00201030 /* ForwardingObject.h */ = {isa = PBXFileReference; fileEncoding = 4; lastKnownFileType = sourcecode.c.h; path = ForwardingObject.h; sourceTree = "<group>"; };
		7666F7381ED7F59A00201030 /* ForwardingObject.m */ = {isa = PBXFileReference; fileEncoding = 4; lastKnownFileType = sourcecode.c.objc; path = ForwardingObject.m; sourceTree = "<group>"; };
		7674278E1EEE919C00B48DAD /* CPView4ViewController.h */ = {isa = PBXFileReference; fileEncoding = 4; lastKnownFileType = sourcecode.c.h; path = CPView4ViewController.h; sourceTree = "<group>"; };
		7674278F1EEE919C00B48DAD /* CPView4ViewController.m */ = {isa = PBXFileReference; fileEncoding = 4; lastKnownFileType = sourcecode.c.objc; path = CPView4ViewController.m; sourceTree = "<group>"; };
		767427941EEE926E00B48DAD /* Base */ = {isa = PBXFileReference; lastKnownFileType = file.xib; name = Base; path = Base.lproj/CPView4ViewController.xib; sourceTree = "<group>"; };
		767FA4341EDD1482006CF15D /* CPView2Controller.h */ = {isa = PBXFileReference; fileEncoding = 4; lastKnownFileType = sourcecode.c.h; path = CPView2Controller.h; sourceTree = "<group>"; };
		767FA4351EDD1482006CF15D /* CPView2Controller.m */ = {isa = PBXFileReference; fileEncoding = 4; lastKnownFileType = sourcecode.c.objc; path = CPView2Controller.m; sourceTree = "<group>"; };
		76BBE4D51ED6889300E67C05 /* Foundation.framework */ = {isa = PBXFileReference; lastKnownFileType = wrapper.framework; name = Foundation.framework; path = System/Library/Frameworks/Foundation.framework; sourceTree = SDKROOT; };
		76C748741EDBBB6D00C84062 /* CustomOperation.h */ = {isa = PBXFileReference; fileEncoding = 4; lastKnownFileType = sourcecode.c.h; path = CustomOperation.h; sourceTree = "<group>"; };
		76C748751EDBBB6D00C84062 /* CustomOperation.m */ = {isa = PBXFileReference; fileEncoding = 4; lastKnownFileType = sourcecode.c.objc; path = CustomOperation.m; sourceTree = "<group>"; };
		76DDC8B91EEF8FE0006962C5 /* Base */ = {isa = PBXFileReference; lastKnownFileType = text.plist.strings; name = Base; path = Base.lproj/Localizable.strings; sourceTree = "<group>"; };
		76DDC8BB1EEF8FE3006962C5 /* en */ = {isa = PBXFileReference; lastKnownFileType = text.plist.strings; name = en; path = en.lproj/Localizable.strings; sourceTree = "<group>"; };
		76DDC8BC1EEF8FE4006962C5 /* ko */ = {isa = PBXFileReference; lastKnownFileType = text.plist.strings; name = ko; path = ko.lproj/Localizable.strings; sourceTree = "<group>"; };
		76DDC8DE1EEFEE7C006962C5 /* SnapShotViewController.h */ = {isa = PBXFileReference; fileEncoding = 4; lastKnownFileType = sourcecode.c.h; path = SnapShotViewController.h; sourceTree = "<group>"; };
		76DDC8DF1EEFEE7C006962C5 /* SnapShotViewController.m */ = {isa = PBXFileReference; fileEncoding = 4; lastKnownFileType = sourcecode.c.objc; path = SnapShotViewController.m; sourceTree = "<group>"; };
		76DDC8E01EEFEE7C006962C5 /* SnapShotViewController.xib */ = {isa = PBXFileReference; fileEncoding = 4; lastKnownFileType = file.xib; path = SnapShotViewController.xib; sourceTree = "<group>"; };
		76E4CF7A1EE7F42F009921EA /* CPThread2.h */ = {isa = PBXFileReference; fileEncoding = 4; lastKnownFileType = sourcecode.c.h; path = CPThread2.h; sourceTree = "<group>"; };
		76E4CF7B1EE7F42F009921EA /* CPThread2.m */ = {isa = PBXFileReference; fileEncoding = 4; lastKnownFileType = sourcecode.c.objc; path = CPThread2.m; sourceTree = "<group>"; };
/* End PBXFileReference section */

/* Begin PBXFrameworksBuildPhase section */
		76131FDA1ECA973500CBA227 /* Frameworks */ = {
			isa = PBXFrameworksBuildPhase;
			buildActionMask = 2147483647;
			files = (
				C75271F429E69FD5C27E660C /* libPods-CurriculumProject.a in Frameworks */,
				76BBE4D61ED6889300E67C05 /* Foundation.framework in Frameworks */,
			);
			runOnlyForDeploymentPostprocessing = 0;
		};
/* End PBXFrameworksBuildPhase section */

/* Begin PBXGroup section */
		354F2BFD1EE71AA4006933C6 /* Threads */ = {
			isa = PBXGroup;
			children = (
				354D79951EE43469003954C3 /* CPThread.h */,
				354D79961EE43469003954C3 /* CPThread.m */,
				354F2BFE1EE71ABF006933C6 /* CPInputThread.h */,
				354F2BFF1EE71ABF006933C6 /* CPInputThread.m */,
				354F2C011EE721BE006933C6 /* CPPortThread.h */,
				354F2C021EE721BE006933C6 /* CPPortThread.m */,
				76E4CF7A1EE7F42F009921EA /* CPThread2.h */,
				76E4CF7B1EE7F42F009921EA /* CPThread2.m */,
				352F9D281EE9A3C500EB84CB /* CPView.h */,
				352F9D291EE9A3C500EB84CB /* CPView.m */,
			);
			name = Threads;
			sourceTree = "<group>";
		};
		61206CDDB5F101F5FF19B61F /* Pods */ = {
			isa = PBXGroup;
			children = (
				477B8A371FAB765CCC56B3C6 /* Pods-CurriculumProject.debug.xcconfig */,
				0394FCBE7C74BA574A9EACDF /* Pods-CurriculumProject.release.xcconfig */,
			);
			name = Pods;
			sourceTree = "<group>";
		};
		76131FD41ECA973500CBA227 = {
			isa = PBXGroup;
			children = (
				354010DD1ED27CAE009FA2CA /* podfile */,
				76131FDF1ECA973500CBA227 /* CurriculumProject */,
				76131FDE1ECA973500CBA227 /* Products */,
				61206CDDB5F101F5FF19B61F /* Pods */,
				F0E4F882B99BD25AA7167FFC /* Frameworks */,
			);
			sourceTree = "<group>";
		};
		76131FDE1ECA973500CBA227 /* Products */ = {
			isa = PBXGroup;
			children = (
				76131FDD1ECA973500CBA227 /* CurriculumProject.app */,
			);
			name = Products;
			sourceTree = "<group>";
		};
		76131FDF1ECA973500CBA227 /* CurriculumProject */ = {
			isa = PBXGroup;
			children = (
				76131FE31ECA973500CBA227 /* AppDelegate.h */,
				76131FE41ECA973500CBA227 /* AppDelegate.m */,
				76DDC8DE1EEFEE7C006962C5 /* SnapShotViewController.h */,
				76DDC8DF1EEFEE7C006962C5 /* SnapShotViewController.m */,
				76DDC8E01EEFEE7C006962C5 /* SnapShotViewController.xib */,
				7674278E1EEE919C00B48DAD /* CPView4ViewController.h */,
				7674278F1EEE919C00B48DAD /* CPView4ViewController.m */,
				767427951EEE926E00B48DAD /* CPView4ViewController.xib */,
				354D79921EE43098003954C3 /* CPView3Controller.h */,
				354D79931EE43098003954C3 /* CPView3Controller.m */,
				354F2BFD1EE71AA4006933C6 /* Threads */,
				767FA4341EDD1482006CF15D /* CPView2Controller.h */,
				767FA4351EDD1482006CF15D /* CPView2Controller.m */,
				35398C4D1EF1839100BBAA56 /* CPView2_2Controller.h */,
				35398C4E1EF1839100BBAA56 /* CPView2_2Controller.m */,
				76131FE61ECA973500CBA227 /* ViewController.h */,
				76131FE71ECA973500CBA227 /* ViewController.m */,
				35398C501EF1928500BBAA56 /* View2Controller.h */,
				35398C511EF1928500BBAA56 /* View2Controller.m */,
				76131FFA1ECA9FEB00CBA227 /* SubViewController.h */,
				76131FFB1ECA9FEB00CBA227 /* SubViewController.m */,
				765A7D751ECAF603008D5C43 /* Human+Mouth.h */,
				765A7D761ECAF603008D5C43 /* Human+Mouth.m */,
				7666F7371ED7F59A00201030 /* ForwardingObject.h */,
				7666F7381ED7F59A00201030 /* ForwardingObject.m */,
				76C748741EDBBB6D00C84062 /* CustomOperation.h */,
				76C748751EDBBB6D00C84062 /* CustomOperation.m */,
				76131FE91ECA973500CBA227 /* Main.storyboard */,
				76131FEF1ECA973500CBA227 /* Assets.xcassets */,
				76DDC8BA1EEF8FE0006962C5 /* Localizable.strings */,
				76131FF11ECA973500CBA227 /* LaunchScreen.storyboard */,
				76131FF41ECA973500CBA227 /* Info.plist */,
				76131FEC1ECA973500CBA227 /* CurriculumProject.xcdatamodeld */,
				7614BCB01EDFDD33009189B6 /* kitten.jpg */,
				35398C4A1EF17BBA00BBAA56 /* kitten2.jpg */,
				35FF1C4C1EE06200004E3215 /* ReadMe.txt */,
				35398C4C1EF17E9500BBAA56 /* PrefixHeader.pch */,
				76131FE01ECA973500CBA227 /* Supporting Files */,
			);
			path = CurriculumProject;
			sourceTree = "<group>";
		};
		76131FE01ECA973500CBA227 /* Supporting Files */ = {
			isa = PBXGroup;
			children = (
				76131FE11ECA973500CBA227 /* main.m */,
			);
			name = "Supporting Files";
			sourceTree = "<group>";
		};
		F0E4F882B99BD25AA7167FFC /* Frameworks */ = {
			isa = PBXGroup;
			children = (
				425CE85A8EF68C6D7CAC45EC /* libPods-CurriculumProject.a */,
			);
			name = Frameworks;
			sourceTree = "<group>";
		};
/* End PBXGroup section */

/* Begin PBXNativeTarget section */
		76131FDC1ECA973500CBA227 /* CurriculumProject */ = {
			isa = PBXNativeTarget;
			buildConfigurationList = 76131FF71ECA973500CBA227 /* Build configuration list for PBXNativeTarget "CurriculumProject" */;
			buildPhases = (
				AED84FC1030983602CD5236A /* [CP] Check Pods Manifest.lock */,
				76131FD91ECA973500CBA227 /* Sources */,
				76131FDA1ECA973500CBA227 /* Frameworks */,
				76131FDB1ECA973500CBA227 /* Resources */,
				1AC976B4102E62E54C45ECE9 /* [CP] Embed Pods Frameworks */,
				834E7DE1B4C3492B7A4938A5 /* [CP] Copy Pods Resources */,
			);
			buildRules = (
			);
			dependencies = (
			);
			name = CurriculumProject;
			productName = CurriculumProject;
			productReference = 76131FDD1ECA973500CBA227 /* CurriculumProject.app */;
			productType = "com.apple.product-type.application";
		};
/* End PBXNativeTarget section */

/* Begin PBXProject section */
		76131FD51ECA973500CBA227 /* Project object */ = {
			isa = PBXProject;
			attributes = {
				LastUpgradeCheck = 0830;
				ORGANIZATIONNAME = meccatol_iMac;
				TargetAttributes = {
					76131FDC1ECA973500CBA227 = {
						CreatedOnToolsVersion = 8.3.2;
						DevelopmentTeam = 56ZT9NLP39;
						ProvisioningStyle = Automatic;
						SystemCapabilities = {
							com.apple.BackgroundModes = {
								enabled = 0;
							};
						};
					};
				};
			};
			buildConfigurationList = 76131FD81ECA973500CBA227 /* Build configuration list for PBXProject "CurriculumProject" */;
			compatibilityVersion = "Xcode 3.2";
			developmentRegion = English;
			hasScannedForEncodings = 0;
			knownRegions = (
				en,
				Base,
				ko,
			);
			mainGroup = 76131FD41ECA973500CBA227;
			productRefGroup = 76131FDE1ECA973500CBA227 /* Products */;
			projectDirPath = "";
			projectRoot = "";
			targets = (
				76131FDC1ECA973500CBA227 /* CurriculumProject */,
			);
		};
/* End PBXProject section */

/* Begin PBXResourcesBuildPhase section */
		76131FDB1ECA973500CBA227 /* Resources */ = {
			isa = PBXResourcesBuildPhase;
			buildActionMask = 2147483647;
			files = (
				76DDC8E21EEFEE7C006962C5 /* SnapShotViewController.xib in Resources */,
				35398C4B1EF17BBA00BBAA56 /* kitten2.jpg in Resources */,
				7614BCB11EDFDD33009189B6 /* kitten.jpg in Resources */,
				76131FF31ECA973500CBA227 /* LaunchScreen.storyboard in Resources */,
				767427931EEE926E00B48DAD /* CPView4ViewController.xib in Resources */,
				76131FF01ECA973500CBA227 /* Assets.xcassets in Resources */,
				354010DE1ED27CAE009FA2CA /* podfile in Resources */,
				76DDC8B81EEF8FE0006962C5 /* Localizable.strings in Resources */,
				35FF1C4D1EE06200004E3215 /* ReadMe.txt in Resources */,
				76131FEB1ECA973500CBA227 /* Main.storyboard in Resources */,
			);
			runOnlyForDeploymentPostprocessing = 0;
		};
/* End PBXResourcesBuildPhase section */

/* Begin PBXShellScriptBuildPhase section */
		1AC976B4102E62E54C45ECE9 /* [CP] Embed Pods Frameworks */ = {
			isa = PBXShellScriptBuildPhase;
			buildActionMask = 2147483647;
			files = (
			);
			inputPaths = (
			);
			name = "[CP] Embed Pods Frameworks";
			outputPaths = (
			);
			runOnlyForDeploymentPostprocessing = 0;
			shellPath = /bin/sh;
			shellScript = "\"${SRCROOT}/Pods/Target Support Files/Pods-CurriculumProject/Pods-CurriculumProject-frameworks.sh\"\n";
			showEnvVarsInLog = 0;
		};
		834E7DE1B4C3492B7A4938A5 /* [CP] Copy Pods Resources */ = {
			isa = PBXShellScriptBuildPhase;
			buildActionMask = 2147483647;
			files = (
			);
			inputPaths = (
			);
			name = "[CP] Copy Pods Resources";
			outputPaths = (
			);
			runOnlyForDeploymentPostprocessing = 0;
			shellPath = /bin/sh;
			shellScript = "\"${SRCROOT}/Pods/Target Support Files/Pods-CurriculumProject/Pods-CurriculumProject-resources.sh\"\n";
			showEnvVarsInLog = 0;
		};
		AED84FC1030983602CD5236A /* [CP] Check Pods Manifest.lock */ = {
			isa = PBXShellScriptBuildPhase;
			buildActionMask = 2147483647;
			files = (
			);
			inputPaths = (
			);
			name = "[CP] Check Pods Manifest.lock";
			outputPaths = (
			);
			runOnlyForDeploymentPostprocessing = 0;
			shellPath = /bin/sh;
			shellScript = "diff \"${PODS_ROOT}/../Podfile.lock\" \"${PODS_ROOT}/Manifest.lock\" > /dev/null\nif [ $? != 0 ] ; then\n    # print error to STDERR\n    echo \"error: The sandbox is not in sync with the Podfile.lock. Run 'pod install' or update your CocoaPods installation.\" >&2\n    exit 1\nfi\n";
			showEnvVarsInLog = 0;
		};
/* End PBXShellScriptBuildPhase section */

/* Begin PBXSourcesBuildPhase section */
		76131FD91ECA973500CBA227 /* Sources */ = {
			isa = PBXSourcesBuildPhase;
			buildActionMask = 2147483647;
			files = (
				76C748761EDBBB6D00C84062 /* CustomOperation.m in Sources */,
				354F2C031EE721BE006933C6 /* CPPortThread.m in Sources */,
				354D79971EE43469003954C3 /* CPThread.m in Sources */,
				767427911EEE919C00B48DAD /* CPView4ViewController.m in Sources */,
				7666F7391ED7F59A00201030 /* ForwardingObject.m in Sources */,
				76131FFC1ECA9FEB00CBA227 /* SubViewController.m in Sources */,
				76131FEE1ECA973500CBA227 /* CurriculumProject.xcdatamodeld in Sources */,
				76131FE81ECA973500CBA227 /* ViewController.m in Sources */,
				76E4CF7C1EE7F42F009921EA /* CPThread2.m in Sources */,
				354D79941EE43098003954C3 /* CPView3Controller.m in Sources */,
				35398C521EF1928500BBAA56 /* View2Controller.m in Sources */,
				76131FE51ECA973500CBA227 /* AppDelegate.m in Sources */,
				76131FE21ECA973500CBA227 /* main.m in Sources */,
				354F2C001EE71ABF006933C6 /* CPInputThread.m in Sources */,
				76DDC8E11EEFEE7C006962C5 /* SnapShotViewController.m in Sources */,
				767FA4361EDD1482006CF15D /* CPView2Controller.m in Sources */,
				35398C4F1EF1839100BBAA56 /* CPView2_2Controller.m in Sources */,
				765A7D771ECAF603008D5C43 /* Human+Mouth.m in Sources */,
				352F9D2A1EE9A3C500EB84CB /* CPView.m in Sources */,
			);
			runOnlyForDeploymentPostprocessing = 0;
		};
/* End PBXSourcesBuildPhase section */

/* Begin PBXVariantGroup section */
		76131FE91ECA973500CBA227 /* Main.storyboard */ = {
			isa = PBXVariantGroup;
			children = (
				76131FEA1ECA973500CBA227 /* Base */,
			);
			name = Main.storyboard;
			sourceTree = "<group>";
		};
		76131FF11ECA973500CBA227 /* LaunchScreen.storyboard */ = {
			isa = PBXVariantGroup;
			children = (
				76131FF21ECA973500CBA227 /* Base */,
			);
			name = LaunchScreen.storyboard;
			sourceTree = "<group>";
		};
		767427951EEE926E00B48DAD /* CPView4ViewController.xib */ = {
			isa = PBXVariantGroup;
			children = (
				767427941EEE926E00B48DAD /* Base */,
			);
			name = CPView4ViewController.xib;
			sourceTree = "<group>";
		};
		76DDC8BA1EEF8FE0006962C5 /* Localizable.strings */ = {
			isa = PBXVariantGroup;
			children = (
				76DDC8B91EEF8FE0006962C5 /* Base */,
				76DDC8BB1EEF8FE3006962C5 /* en */,
				76DDC8BC1EEF8FE4006962C5 /* ko */,
			);
			name = Localizable.strings;
			sourceTree = "<group>";
		};
/* End PBXVariantGroup section */

/* Begin XCBuildConfiguration section */
		76131FF51ECA973500CBA227 /* Debug */ = {
			isa = XCBuildConfiguration;
			buildSettings = {
				ALWAYS_SEARCH_USER_PATHS = NO;
				CLANG_ANALYZER_LOCALIZABILITY_NONLOCALIZED = YES;
				CLANG_ANALYZER_NONNULL = YES;
				CLANG_ANALYZER_NUMBER_OBJECT_CONVERSION = YES_AGGRESSIVE;
				CLANG_CXX_LANGUAGE_STANDARD = "gnu++0x";
				CLANG_CXX_LIBRARY = "libc++";
				CLANG_ENABLE_MODULES = YES;
				CLANG_ENABLE_OBJC_ARC = YES;
				CLANG_WARN_BOOL_CONVERSION = YES;
				CLANG_WARN_CONSTANT_CONVERSION = YES;
				CLANG_WARN_DIRECT_OBJC_ISA_USAGE = YES_ERROR;
				CLANG_WARN_DOCUMENTATION_COMMENTS = YES;
				CLANG_WARN_EMPTY_BODY = YES;
				CLANG_WARN_ENUM_CONVERSION = YES;
				CLANG_WARN_INFINITE_RECURSION = YES;
				CLANG_WARN_INT_CONVERSION = YES;
				CLANG_WARN_OBJC_ROOT_CLASS = YES_ERROR;
				CLANG_WARN_SUSPICIOUS_MOVE = YES;
				CLANG_WARN_UNREACHABLE_CODE = YES;
				CLANG_WARN__DUPLICATE_METHOD_MATCH = YES;
				"CODE_SIGN_IDENTITY[sdk=iphoneos*]" = "iPhone Developer";
				COPY_PHASE_STRIP = NO;
				DEBUG_INFORMATION_FORMAT = dwarf;
				ENABLE_STRICT_OBJC_MSGSEND = YES;
				ENABLE_TESTABILITY = YES;
				GCC_C_LANGUAGE_STANDARD = gnu99;
				GCC_DYNAMIC_NO_PIC = NO;
				GCC_NO_COMMON_BLOCKS = YES;
				GCC_OPTIMIZATION_LEVEL = 0;
				GCC_PRECOMPILE_PREFIX_HEADER = YES;
				GCC_PREFIX_HEADER = CurriculumProject/PrefixHeader.pch;
				GCC_PREPROCESSOR_DEFINITIONS = (
					"DEBUG=1",
					"$(inherited)",
				);
				GCC_WARN_64_TO_32_BIT_CONVERSION = YES;
				GCC_WARN_ABOUT_RETURN_TYPE = YES_ERROR;
				GCC_WARN_UNDECLARED_SELECTOR = YES;
				GCC_WARN_UNINITIALIZED_AUTOS = YES_AGGRESSIVE;
				GCC_WARN_UNUSED_FUNCTION = YES;
				GCC_WARN_UNUSED_VARIABLE = YES;
				IPHONEOS_DEPLOYMENT_TARGET = 10.3;
				MTL_ENABLE_DEBUG_INFO = YES;
				ONLY_ACTIVE_ARCH = YES;
				SDKROOT = iphoneos;
			};
			name = Debug;
		};
		76131FF61ECA973500CBA227 /* Release */ = {
			isa = XCBuildConfiguration;
			buildSettings = {
				ALWAYS_SEARCH_USER_PATHS = NO;
				CLANG_ANALYZER_LOCALIZABILITY_NONLOCALIZED = YES;
				CLANG_ANALYZER_NONNULL = YES;
				CLANG_ANALYZER_NUMBER_OBJECT_CONVERSION = YES_AGGRESSIVE;
				CLANG_CXX_LANGUAGE_STANDARD = "gnu++0x";
				CLANG_CXX_LIBRARY = "libc++";
				CLANG_ENABLE_MODULES = YES;
				CLANG_ENABLE_OBJC_ARC = YES;
				CLANG_WARN_BOOL_CONVERSION = YES;
				CLANG_WARN_CONSTANT_CONVERSION = YES;
				CLANG_WARN_DIRECT_OBJC_ISA_USAGE = YES_ERROR;
				CLANG_WARN_DOCUMENTATION_COMMENTS = YES;
				CLANG_WARN_EMPTY_BODY = YES;
				CLANG_WARN_ENUM_CONVERSION = YES;
				CLANG_WARN_INFINITE_RECURSION = YES;
				CLANG_WARN_INT_CONVERSION = YES;
				CLANG_WARN_OBJC_ROOT_CLASS = YES_ERROR;
				CLANG_WARN_SUSPICIOUS_MOVE = YES;
				CLANG_WARN_UNREACHABLE_CODE = YES;
				CLANG_WARN__DUPLICATE_METHOD_MATCH = YES;
				"CODE_SIGN_IDENTITY[sdk=iphoneos*]" = "iPhone Developer";
				COPY_PHASE_STRIP = NO;
				DEBUG_INFORMATION_FORMAT = "dwarf-with-dsym";
				ENABLE_NS_ASSERTIONS = NO;
				ENABLE_STRICT_OBJC_MSGSEND = YES;
				GCC_C_LANGUAGE_STANDARD = gnu99;
				GCC_NO_COMMON_BLOCKS = YES;
				GCC_PRECOMPILE_PREFIX_HEADER = YES;
				GCC_PREFIX_HEADER = CurriculumProject/PrefixHeader.pch;
				GCC_WARN_64_TO_32_BIT_CONVERSION = YES;
				GCC_WARN_ABOUT_RETURN_TYPE = YES_ERROR;
				GCC_WARN_UNDECLARED_SELECTOR = YES;
				GCC_WARN_UNINITIALIZED_AUTOS = YES_AGGRESSIVE;
				GCC_WARN_UNUSED_FUNCTION = YES;
				GCC_WARN_UNUSED_VARIABLE = YES;
				IPHONEOS_DEPLOYMENT_TARGET = 10.3;
				MTL_ENABLE_DEBUG_INFO = NO;
				SDKROOT = iphoneos;
				VALIDATE_PRODUCT = YES;
			};
			name = Release;
		};
		76131FF81ECA973500CBA227 /* Debug */ = {
			isa = XCBuildConfiguration;
			baseConfigurationReference = 477B8A371FAB765CCC56B3C6 /* Pods-CurriculumProject.debug.xcconfig */;
			buildSettings = {
				ASSETCATALOG_COMPILER_APPICON_NAME = AppIcon;
				DEVELOPMENT_TEAM = 56ZT9NLP39;
				INFOPLIST_FILE = CurriculumProject/Info.plist;
				IPHONEOS_DEPLOYMENT_TARGET = 8.0;
				LD_RUNPATH_SEARCH_PATHS = "$(inherited) @executable_path/Frameworks";
				PRODUCT_BUNDLE_IDENTIFIER = com.cream.world.CurriculumProject;
				PRODUCT_NAME = "$(TARGET_NAME)";
			};
			name = Debug;
		};
		76131FF91ECA973500CBA227 /* Release */ = {
			isa = XCBuildConfiguration;
			baseConfigurationReference = 0394FCBE7C74BA574A9EACDF /* Pods-CurriculumProject.release.xcconfig */;
			buildSettings = {
				ASSETCATALOG_COMPILER_APPICON_NAME = AppIcon;
				DEVELOPMENT_TEAM = 56ZT9NLP39;
				INFOPLIST_FILE = CurriculumProject/Info.plist;
				IPHONEOS_DEPLOYMENT_TARGET = 8.0;
				LD_RUNPATH_SEARCH_PATHS = "$(inherited) @executable_path/Frameworks";
				PRODUCT_BUNDLE_IDENTIFIER = com.cream.world.CurriculumProject;
				PRODUCT_NAME = "$(TARGET_NAME)";
			};
			name = Release;
		};
/* End XCBuildConfiguration section */

/* Begin XCConfigurationList section */
		76131FD81ECA973500CBA227 /* Build configuration list for PBXProject "CurriculumProject" */ = {
			isa = XCConfigurationList;
			buildConfigurations = (
				76131FF51ECA973500CBA227 /* Debug */,
				76131FF61ECA973500CBA227 /* Release */,
			);
			defaultConfigurationIsVisible = 0;
			defaultConfigurationName = Release;
		};
		76131FF71ECA973500CBA227 /* Build configuration list for PBXNativeTarget "CurriculumProject" */ = {
			isa = XCConfigurationList;
			buildConfigurations = (
				76131FF81ECA973500CBA227 /* Debug */,
				76131FF91ECA973500CBA227 /* Release */,
			);
			defaultConfigurationIsVisible = 0;
			defaultConfigurationName = Release;
		};
/* End XCConfigurationList section */

/* Begin XCVersionGroup section */
		76131FEC1ECA973500CBA227 /* CurriculumProject.xcdatamodeld */ = {
			isa = XCVersionGroup;
			children = (
				76131FED1ECA973500CBA227 /* CurriculumProject.xcdatamodel */,
			);
			currentVersion = 76131FED1ECA973500CBA227 /* CurriculumProject.xcdatamodel */;
			path = CurriculumProject.xcdatamodeld;
			sourceTree = "<group>";
			versionGroupType = wrapper.xcdatamodel;
		};
/* End XCVersionGroup section */
	};
	rootObject = 76131FD51ECA973500CBA227 /* Project object */;
}
